
Microsoft Visual Studio Solution File, Format Version 12.00
# Visual Studio Version 16
VisualStudioVersion = 16.0.29411.108
MinimumVisualStudioVersion = 10.0.40219.1
Project("{FAE04EC0-301F-11D3-BF4B-00C04F79EFBC}") = "SignalRNotif.Service", "SignlRNotif.Service\SignalRNotif.Service.csproj", "{8096A9FF-BE2A-42C8-9390-70E94C365B25}"
EndProject
Project("{FAE04EC0-301F-11D3-BF4B-00C04F79EFBC}") = "SignalRNotif.ServiceClient", "SignlRNotif.ServiceClient\SignalRNotif.ServiceClient.csproj", "{0CF7F418-4732-4BE9-9FA6-746CA351A6E7}"
EndProject
Project("{FAE04EC0-301F-11D3-BF4B-00C04F79EFBC}") = "SignalRNotif.WPFClient", "SignlRNotif.WPFClient\SignalRNotif.WPFClient.csproj", "{E9BEEC23-0E10-4800-9417-01351398AEBD}"
EndProject
Project("{FAE04EC0-301F-11D3-BF4B-00C04F79EFBC}") = "SignalRNotif.WPClient2", "SignlRNotif.WPClient2\SignalRNotif.WPClient2.csproj", "{4579E225-CC0F-4C73-AAE4-448602591E47}"
EndProject
Project("{FAE04EC0-301F-11D3-BF4B-00C04F79EFBC}") = "SignalRNotif.WPClient3", "SignlRNotif.WPClient3\SignalRNotif.WPClient3.csproj", "{E5AFECCC-6CA1-4261-B2FF-629C5BE69352}"
EndProject
Project("{FAE04EC0-301F-11D3-BF4B-00C04F79EFBC}") = "SignalRNotif.MVCClient", "SignlRNotif.MVCClient\SignalRNotif.MVCClient.csproj", "{EB73C111-35CF-40BF-880D-679E8D6F0FC5}"
EndProject
Project("{9A19103F-16F7-4668-BE54-9A1E7A4F7556}") = "SignalRNotif.ServiceCore", "SignalRNotif.ServiceCore\SignalRNotif.ServiceCore.csproj", "{B89B0232-1DE2-4BE1-B251-577503934989}"
EndProject
Project("{9A19103F-16F7-4668-BE54-9A1E7A4F7556}") = "SignalRNotif.Survey", "SignalRNotif.Survey\SignalRNotif.Survey.csproj", "{25D04BBD-7D19-453A-9ADD-A7657C2B42E1}"
EndProject
Project("{9A19103F-16F7-4668-BE54-9A1E7A4F7556}") = "SignalRNotif.Core.Service", "SignalRNotif.Core.Service\SignalRNotif.Core.Service.csproj", "{237B43FC-12DF-4D2B-AEA9-AA05A04F6DE7}"
EndProject
Project("{9A19103F-16F7-4668-BE54-9A1E7A4F7556}") = "SignlRNotif.Models", "SignalRNotif.Models\SignlRNotif.Models.csproj", "{934E010B-A643-493A-872D-239E7ABDFF2D}"
EndProject
Project("{FAE04EC0-301F-11D3-BF4B-00C04F79EFBC}") = "SignalRNotif.Models.Fmk", "SignalRNotif.Models.Fmk\SignalRNotif.Models.Fmk.csproj", "{44A113B0-4703-4DE5-908B-1C771ADB4847}"
EndProject
Project("{9A19103F-16F7-4668-BE54-9A1E7A4F7556}") = "Notifications.MVP.Client", "Notifications.MVP.Client\Notifications.MVP.Client.csproj", "{52220EF9-0E11-468C-BDD0-CA5CE2AC0EC5}"
EndProject
Project("{FAE04EC0-301F-11D3-BF4B-00C04F79EFBC}") = "Notification.MVP.SignalR.Core.Server", "Notification.MVP.SignalR.Core.Server\Notification.MVP.SignalR.Core.Server.csproj", "{566EECB7-2D4E-4E93-AD9C-7B10733C4B18}"
EndProject
Global
	GlobalSection(SolutionConfigurationPlatforms) = preSolution
		Debug|Any CPU = Debug|Any CPU
		Release|Any CPU = Release|Any CPU
	EndGlobalSection
	GlobalSection(ProjectConfigurationPlatforms) = postSolution
		{8096A9FF-BE2A-42C8-9390-70E94C365B25}.Debug|Any CPU.ActiveCfg = Debug|Any CPU
		{8096A9FF-BE2A-42C8-9390-70E94C365B25}.Debug|Any CPU.Build.0 = Debug|Any CPU
		{8096A9FF-BE2A-42C8-9390-70E94C365B25}.Release|Any CPU.ActiveCfg = Release|Any CPU
		{8096A9FF-BE2A-42C8-9390-70E94C365B25}.Release|Any CPU.Build.0 = Release|Any CPU
		{0CF7F418-4732-4BE9-9FA6-746CA351A6E7}.Debug|Any CPU.ActiveCfg = Debug|Any CPU
		{0CF7F418-4732-4BE9-9FA6-746CA351A6E7}.Debug|Any CPU.Build.0 = Debug|Any CPU
		{0CF7F418-4732-4BE9-9FA6-746CA351A6E7}.Release|Any CPU.ActiveCfg = Release|Any CPU
		{0CF7F418-4732-4BE9-9FA6-746CA351A6E7}.Release|Any CPU.Build.0 = Release|Any CPU
		{E9BEEC23-0E10-4800-9417-01351398AEBD}.Debug|Any CPU.ActiveCfg = Debug|Any CPU
		{E9BEEC23-0E10-4800-9417-01351398AEBD}.Debug|Any CPU.Build.0 = Debug|Any CPU
		{E9BEEC23-0E10-4800-9417-01351398AEBD}.Release|Any CPU.ActiveCfg = Release|Any CPU
		{E9BEEC23-0E10-4800-9417-01351398AEBD}.Release|Any CPU.Build.0 = Release|Any CPU
		{4579E225-CC0F-4C73-AAE4-448602591E47}.Debug|Any CPU.ActiveCfg = Debug|Any CPU
		{4579E225-CC0F-4C73-AAE4-448602591E47}.Debug|Any CPU.Build.0 = Debug|Any CPU
		{4579E225-CC0F-4C73-AAE4-448602591E47}.Release|Any CPU.ActiveCfg = Release|Any CPU
		{4579E225-CC0F-4C73-AAE4-448602591E47}.Release|Any CPU.Build.0 = Release|Any CPU
		{E5AFECCC-6CA1-4261-B2FF-629C5BE69352}.Debug|Any CPU.ActiveCfg = Debug|Any CPU
		{E5AFECCC-6CA1-4261-B2FF-629C5BE69352}.Debug|Any CPU.Build.0 = Debug|Any CPU
		{E5AFECCC-6CA1-4261-B2FF-629C5BE69352}.Release|Any CPU.ActiveCfg = Release|Any CPU
		{E5AFECCC-6CA1-4261-B2FF-629C5BE69352}.Release|Any CPU.Build.0 = Release|Any CPU
		{EB73C111-35CF-40BF-880D-679E8D6F0FC5}.Debug|Any CPU.ActiveCfg = Debug|Any CPU
		{EB73C111-35CF-40BF-880D-679E8D6F0FC5}.Debug|Any CPU.Build.0 = Debug|Any CPU
		{EB73C111-35CF-40BF-880D-679E8D6F0FC5}.Release|Any CPU.ActiveCfg = Release|Any CPU
		{EB73C111-35CF-40BF-880D-679E8D6F0FC5}.Release|Any CPU.Build.0 = Release|Any CPU
		{B89B0232-1DE2-4BE1-B251-577503934989}.Debug|Any CPU.ActiveCfg = Debug|Any CPU
		{B89B0232-1DE2-4BE1-B251-577503934989}.Debug|Any CPU.Build.0 = Debug|Any CPU
		{B89B0232-1DE2-4BE1-B251-577503934989}.Release|Any CPU.ActiveCfg = Release|Any CPU
		{B89B0232-1DE2-4BE1-B251-577503934989}.Release|Any CPU.Build.0 = Release|Any CPU
		{25D04BBD-7D19-453A-9ADD-A7657C2B42E1}.Debug|Any CPU.ActiveCfg = Debug|Any CPU
		{25D04BBD-7D19-453A-9ADD-A7657C2B42E1}.Debug|Any CPU.Build.0 = Debug|Any CPU
		{25D04BBD-7D19-453A-9ADD-A7657C2B42E1}.Release|Any CPU.ActiveCfg = Release|Any CPU
		{25D04BBD-7D19-453A-9ADD-A7657C2B42E1}.Release|Any CPU.Build.0 = Release|Any CPU
		{237B43FC-12DF-4D2B-AEA9-AA05A04F6DE7}.Debug|Any CPU.ActiveCfg = Debug|Any CPU
		{237B43FC-12DF-4D2B-AEA9-AA05A04F6DE7}.Debug|Any CPU.Build.0 = Debug|Any CPU
		{237B43FC-12DF-4D2B-AEA9-AA05A04F6DE7}.Release|Any CPU.ActiveCfg = Release|Any CPU
		{237B43FC-12DF-4D2B-AEA9-AA05A04F6DE7}.Release|Any CPU.Build.0 = Release|Any CPU
		{934E010B-A643-493A-872D-239E7ABDFF2D}.Debug|Any CPU.ActiveCfg = Debug|Any CPU
		{934E010B-A643-493A-872D-239E7ABDFF2D}.Debug|Any CPU.Build.0 = Debug|Any CPU
		{934E010B-A643-493A-872D-239E7ABDFF2D}.Release|Any CPU.ActiveCfg = Release|Any CPU
		{934E010B-A643-493A-872D-239E7ABDFF2D}.Release|Any CPU.Build.0 = Release|Any CPU
		{44A113B0-4703-4DE5-908B-1C771ADB4847}.Debug|Any CPU.ActiveCfg = Debug|Any CPU
		{44A113B0-4703-4DE5-908B-1C771ADB4847}.Debug|Any CPU.Build.0 = Debug|Any CPU
		{44A113B0-4703-4DE5-908B-1C771ADB4847}.Release|Any CPU.ActiveCfg = Release|Any CPU
		{44A113B0-4703-4DE5-908B-1C771ADB4847}.Release|Any CPU.Build.0 = Release|Any CPU
		{52220EF9-0E11-468C-BDD0-CA5CE2AC0EC5}.Debug|Any CPU.ActiveCfg = Debug|Any CPU
		{52220EF9-0E11-468C-BDD0-CA5CE2AC0EC5}.Debug|Any CPU.Build.0 = Debug|Any CPU
		{52220EF9-0E11-468C-BDD0-CA5CE2AC0EC5}.Release|Any CPU.ActiveCfg = Release|Any CPU
		{52220EF9-0E11-468C-BDD0-CA5CE2AC0EC5}.Release|Any CPU.Build.0 = Release|Any CPU
		{566EECB7-2D4E-4E93-AD9C-7B10733C4B18}.Debug|Any CPU.ActiveCfg = Debug|Any CPU
		{566EECB7-2D4E-4E93-AD9C-7B10733C4B18}.Debug|Any CPU.Build.0 = Debug|Any CPU
		{566EECB7-2D4E-4E93-AD9C-7B10733C4B18}.Release|Any CPU.ActiveCfg = Release|Any CPU
		{566EECB7-2D4E-4E93-AD9C-7B10733C4B18}.Release|Any CPU.Build.0 = Release|Any CPU
	EndGlobalSection
	GlobalSection(SolutionProperties) = preSolution
		HideSolutionNode = FALSE
	EndGlobalSection
	GlobalSection(ExtensibilityGlobals) = postSolution
		SolutionGuid = {99682C51-0868-454D-B789-57D5418C191C}
	EndGlobalSection
EndGlobal
